
Microsoft Visual Studio Solution File, Format Version 12.00
# Visual Studio Version 16
VisualStudioVersion = 16.0.30114.105
MinimumVisualStudioVersion = 10.0.40219.1
Project("{8BC9CEB8-8B4A-11D0-8D11-00A0C91BC942}") = "ADbg", "ACM\ADbg\ADbg.vcxproj", "{B59EF618-0DC4-479B-983B-4C35AA6C0511}"
EndProject
Project("{8BC9CEB8-8B4A-11D0-8D11-00A0C91BC942}") = "LameMp3EncDll", "Dll\LameDll_vc6.vcxproj", "{08B4E4DB-6BB9-4BC6-A8DB-C0BD3F2A9B51}"
EndProject
Project("{8BC9CEB8-8B4A-11D0-8D11-00A0C91BC942}") = "MP3x", "frontend\mp3x_vc6.vcxproj", "{AB47B336-7D9F-4ED4-88D0-82A81832BEAB}"
EndProject
Project("{8BC9CEB8-8B4A-11D0-8D11-00A0C91BC942}") = "lame", "frontend\lame_vc6.vcxproj", "{0458D060-D0E8-43E7-B4F3-F5FB70A58520}"
EndProject
Project("{8BC9CEB8-8B4A-11D0-8D11-00A0C91BC942}") = "lameACM", "ACM\lameACM_vc6.vcxproj", "{2DFAE053-A779-43F2-8586-CE2FE1B4DAC6}"
EndProject
Project("{8BC9CEB8-8B4A-11D0-8D11-00A0C91BC942}") = "lame_projects", "lame_projects_vc6.vcxproj", "{E5A82F61-E789-45AF-8D75-501EEC7F7585}"
EndProject
Project("{8BC9CEB8-8B4A-11D0-8D11-00A0C91BC942}") = "libmp3lame", "libmp3lame\libmp3lame_vc6.vcxproj", "{D709ED93-9AF0-42B8-85EC-0DB569E46C9A}"
EndProject
Project("{8BC9CEB8-8B4A-11D0-8D11-00A0C91BC942}") = "mpglib", "mpglib\mpglib_vc6.vcxproj", "{20C42555-74D6-4907-9D5C-1446CD13915C}"
EndProject
Project("{8BC9CEB8-8B4A-11D0-8D11-00A0C91BC942}") = "tinyxml", "ACM\tinyxml\tinyxml.vcxproj", "{94C4B37D-4B1E-44B7-9A30-F1AAE332C8D2}"
EndProject
Global
	GlobalSection(SolutionConfigurationPlatforms) = preSolution
		Debug GTK|x86 = Debug GTK|x86
		Debug NASM|x86 = Debug NASM|x86
		Debug|x86 = Debug|x86
		Release GTK|x86 = Release GTK|x86
		Release NASM|x86 = Release NASM|x86
		Release|x86 = Release|x86
		Template|x86 = Template|x86
	EndGlobalSection
	GlobalSection(ProjectConfigurationPlatforms) = postSolution
		{B59EF618-0DC4-479B-983B-4C35AA6C0511}.Debug GTK|x86.ActiveCfg = Debug|Win32
		{B59EF618-0DC4-479B-983B-4C35AA6C0511}.Debug GTK|x86.Build.0 = Debug|Win32
		{B59EF618-0DC4-479B-983B-4C35AA6C0511}.Debug NASM|x86.ActiveCfg = Debug|Win32
		{B59EF618-0DC4-479B-983B-4C35AA6C0511}.Debug NASM|x86.Build.0 = Debug|Win32
		{B59EF618-0DC4-479B-983B-4C35AA6C0511}.Debug|x86.ActiveCfg = Debug|Win32
		{B59EF618-0DC4-479B-983B-4C35AA6C0511}.Debug|x86.Build.0 = Debug|Win32
		{B59EF618-0DC4-479B-983B-4C35AA6C0511}.Release GTK|x86.ActiveCfg = Release|Win32
		{B59EF618-0DC4-479B-983B-4C35AA6C0511}.Release GTK|x86.Build.0 = Release|Win32
		{B59EF618-0DC4-479B-983B-4C35AA6C0511}.Release NASM|x86.ActiveCfg = Release|Win32
		{B59EF618-0DC4-479B-983B-4C35AA6C0511}.Release NASM|x86.Build.0 = Release|Win32
		{B59EF618-0DC4-479B-983B-4C35AA6C0511}.Release|x86.ActiveCfg = Release|Win32
		{B59EF618-0DC4-479B-983B-4C35AA6C0511}.Release|x86.Build.0 = Release|Win32
		{B59EF618-0DC4-479B-983B-4C35AA6C0511}.Template|x86.ActiveCfg = Release|Win32
		{B59EF618-0DC4-479B-983B-4C35AA6C0511}.Template|x86.Build.0 = Release|Win32
		{08B4E4DB-6BB9-4BC6-A8DB-C0BD3F2A9B51}.Debug GTK|x86.ActiveCfg = Debug|Win32
		{08B4E4DB-6BB9-4BC6-A8DB-C0BD3F2A9B51}.Debug GTK|x86.Build.0 = Debug|Win32
		{08B4E4DB-6BB9-4BC6-A8DB-C0BD3F2A9B51}.Debug NASM|x86.ActiveCfg = Debug|Win32
		{08B4E4DB-6BB9-4BC6-A8DB-C0BD3F2A9B51}.Debug NASM|x86.Build.0 = Debug|Win32
		{08B4E4DB-6BB9-4BC6-A8DB-C0BD3F2A9B51}.Debug|x86.ActiveCfg = Debug|Win32
		{08B4E4DB-6BB9-4BC6-A8DB-C0BD3F2A9B51}.Debug|x86.Build.0 = Debug|Win32
		{08B4E4DB-6BB9-4BC6-A8DB-C0BD3F2A9B51}.Release GTK|x86.ActiveCfg = Release NASM|Win32
		{08B4E4DB-6BB9-4BC6-A8DB-C0BD3F2A9B51}.Release GTK|x86.Build.0 = Release NASM|Win32
		{08B4E4DB-6BB9-4BC6-A8DB-C0BD3F2A9B51}.Release NASM|x86.ActiveCfg = Release NASM|Win32
		{08B4E4DB-6BB9-4BC6-A8DB-C0BD3F2A9B51}.Release NASM|x86.Build.0 = Release NASM|Win32
		{08B4E4DB-6BB9-4BC6-A8DB-C0BD3F2A9B51}.Release|x86.ActiveCfg = Release|Win32
		{08B4E4DB-6BB9-4BC6-A8DB-C0BD3F2A9B51}.Release|x86.Build.0 = Release|Win32
		{08B4E4DB-6BB9-4BC6-A8DB-C0BD3F2A9B51}.Template|x86.ActiveCfg = Template|Win32
		{08B4E4DB-6BB9-4BC6-A8DB-C0BD3F2A9B51}.Template|x86.Build.0 = Template|Win32
		{AB47B336-7D9F-4ED4-88D0-82A81832BEAB}.Debug GTK|x86.ActiveCfg = Debug GTK|Win32
		{AB47B336-7D9F-4ED4-88D0-82A81832BEAB}.Debug GTK|x86.Build.0 = Debug GTK|Win32
		{AB47B336-7D9F-4ED4-88D0-82A81832BEAB}.Debug NASM|x86.ActiveCfg = Debug GTK|Win32
		{AB47B336-7D9F-4ED4-88D0-82A81832BEAB}.Debug NASM|x86.Build.0 = Debug GTK|Win32
		{AB47B336-7D9F-4ED4-88D0-82A81832BEAB}.Debug|x86.ActiveCfg = Debug GTK|Win32
		{AB47B336-7D9F-4ED4-88D0-82A81832BEAB}.Debug|x86.Build.0 = Debug GTK|Win32
		{AB47B336-7D9F-4ED4-88D0-82A81832BEAB}.Release GTK|x86.ActiveCfg = Release GTK|Win32
		{AB47B336-7D9F-4ED4-88D0-82A81832BEAB}.Release GTK|x86.Build.0 = Release GTK|Win32
		{AB47B336-7D9F-4ED4-88D0-82A81832BEAB}.Release NASM|x86.ActiveCfg = Release GTK|Win32
		{AB47B336-7D9F-4ED4-88D0-82A81832BEAB}.Release NASM|x86.Build.0 = Release GTK|Win32
		{AB47B336-7D9F-4ED4-88D0-82A81832BEAB}.Release|x86.ActiveCfg = Release GTK|Win32
		{AB47B336-7D9F-4ED4-88D0-82A81832BEAB}.Release|x86.Build.0 = Release GTK|Win32
		{AB47B336-7D9F-4ED4-88D0-82A81832BEAB}.Template|x86.ActiveCfg = Template|Win32
		{AB47B336-7D9F-4ED4-88D0-82A81832BEAB}.Template|x86.Build.0 = Template|Win32
		{0458D060-D0E8-43E7-B4F3-F5FB70A58520}.Debug GTK|x86.ActiveCfg = Debug|Win32
		{0458D060-D0E8-43E7-B4F3-F5FB70A58520}.Debug GTK|x86.Build.0 = Debug|Win32
		{0458D060-D0E8-43E7-B4F3-F5FB70A58520}.Debug NASM|x86.ActiveCfg = Debug|Win32
		{0458D060-D0E8-43E7-B4F3-F5FB70A58520}.Debug NASM|x86.Build.0 = Debug|Win32
		{0458D060-D0E8-43E7-B4F3-F5FB70A58520}.Debug|x86.ActiveCfg = Debug|Win32
		{0458D060-D0E8-43E7-B4F3-F5FB70A58520}.Debug|x86.Build.0 = Debug|Win32
		{0458D060-D0E8-43E7-B4F3-F5FB70A58520}.Release GTK|x86.ActiveCfg = Release NASM|Win32
		{0458D060-D0E8-43E7-B4F3-F5FB70A58520}.Release GTK|x86.Build.0 = Release NASM|Win32
		{0458D060-D0E8-43E7-B4F3-F5FB70A58520}.Release NASM|x86.ActiveCfg = Release NASM|Win32
		{0458D060-D0E8-43E7-B4F3-F5FB70A58520}.Release NASM|x86.Build.0 = Release NASM|Win32
		{0458D060-D0E8-43E7-B4F3-F5FB70A58520}.Release|x86.ActiveCfg = Release|Win32
		{0458D060-D0E8-43E7-B4F3-F5FB70A58520}.Release|x86.Build.0 = Release|Win32
		{0458D060-D0E8-43E7-B4F3-F5FB70A58520}.Template|x86.ActiveCfg = Template|Win32
		{0458D060-D0E8-43E7-B4F3-F5FB70A58520}.Template|x86.Build.0 = Template|Win32
		{2DFAE053-A779-43F2-8586-CE2FE1B4DAC6}.Debug GTK|x86.ActiveCfg = Debug NASM|Win32
		{2DFAE053-A779-43F2-8586-CE2FE1B4DAC6}.Debug GTK|x86.Build.0 = Debug NASM|Win32
		{2DFAE053-A779-43F2-8586-CE2FE1B4DAC6}.Debug NASM|x86.ActiveCfg = Debug NASM|Win32
		{2DFAE053-A779-43F2-8586-CE2FE1B4DAC6}.Debug NASM|x86.Build.0 = Debug NASM|Win32
		{2DFAE053-A779-43F2-8586-CE2FE1B4DAC6}.Debug|x86.ActiveCfg = Debug|Win32
		{2DFAE053-A779-43F2-8586-CE2FE1B4DAC6}.Debug|x86.Build.0 = Debug|Win32
		{2DFAE053-A779-43F2-8586-CE2FE1B4DAC6}.Release GTK|x86.ActiveCfg = Release NASM|Win32
		{2DFAE053-A779-43F2-8586-CE2FE1B4DAC6}.Release GTK|x86.Build.0 = Release NASM|Win32
		{2DFAE053-A779-43F2-8586-CE2FE1B4DAC6}.Release NASM|x86.ActiveCfg = Release NASM|Win32
		{2DFAE053-A779-43F2-8586-CE2FE1B4DAC6}.Release NASM|x86.Build.0 = Release NASM|Win32
		{2DFAE053-A779-43F2-8586-CE2FE1B4DAC6}.Release|x86.ActiveCfg = Release|Win32
		{2DFAE053-A779-43F2-8586-CE2FE1B4DAC6}.Release|x86.Build.0 = Release|Win32
		{2DFAE053-A779-43F2-8586-CE2FE1B4DAC6}.Template|x86.ActiveCfg = Template|Win32
		{2DFAE053-A779-43F2-8586-CE2FE1B4DAC6}.Template|x86.Build.0 = Template|Win32
		{E5A82F61-E789-45AF-8D75-501EEC7F7585}.Debug GTK|x86.ActiveCfg = Debug|Win32
		{E5A82F61-E789-45AF-8D75-501EEC7F7585}.Debug GTK|x86.Build.0 = Debug|Win32
		{E5A82F61-E789-45AF-8D75-501EEC7F7585}.Debug NASM|x86.ActiveCfg = Debug|Win32
		{E5A82F61-E789-45AF-8D75-501EEC7F7585}.Debug NASM|x86.Build.0 = Debug|Win32
		{E5A82F61-E789-45AF-8D75-501EEC7F7585}.Debug|x86.ActiveCfg = Debug|Win32
		{E5A82F61-E789-45AF-8D75-501EEC7F7585}.Debug|x86.Build.0 = Debug|Win32
		{E5A82F61-E789-45AF-8D75-501EEC7F7585}.Release GTK|x86.ActiveCfg = Release NASM|Win32
		{E5A82F61-E789-45AF-8D75-501EEC7F7585}.Release GTK|x86.Build.0 = Release NASM|Win32
		{E5A82F61-E789-45AF-8D75-501EEC7F7585}.Release NASM|x86.ActiveCfg = Release NASM|Win32
		{E5A82F61-E789-45AF-8D75-501EEC7F7585}.Release NASM|x86.Build.0 = Release NASM|Win32
		{E5A82F61-E789-45AF-8D75-501EEC7F7585}.Release|x86.ActiveCfg = Release|Win32
		{E5A82F61-E789-45AF-8D75-501EEC7F7585}.Release|x86.Build.0 = Release|Win32
		{E5A82F61-E789-45AF-8D75-501EEC7F7585}.Template|x86.ActiveCfg = Template|Win32
		{E5A82F61-E789-45AF-8D75-501EEC7F7585}.Template|x86.Build.0 = Template|Win32
		{D709ED93-9AF0-42B8-85EC-0DB569E46C9A}.Debug GTK|x86.ActiveCfg = Debug GTK|Win32
		{D709ED93-9AF0-42B8-85EC-0DB569E46C9A}.Debug GTK|x86.Build.0 = Debug GTK|Win32
		{D709ED93-9AF0-42B8-85EC-0DB569E46C9A}.Debug NASM|x86.ActiveCfg = Debug GTK|Win32
		{D709ED93-9AF0-42B8-85EC-0DB569E46C9A}.Debug NASM|x86.Build.0 = Debug GTK|Win32
		{D709ED93-9AF0-42B8-85EC-0DB569E46C9A}.Debug|x86.ActiveCfg = Debug|Win32
		{D709ED93-9AF0-42B8-85EC-0DB569E46C9A}.Debug|x86.Build.0 = Debug|Win32
		{D709ED93-9AF0-42B8-85EC-0DB569E46C9A}.Release GTK|x86.ActiveCfg = Release GTK|Win32
		{D709ED93-9AF0-42B8-85EC-0DB569E46C9A}.Release GTK|x86.Build.0 = Release GTK|Win32
		{D709ED93-9AF0-42B8-85EC-0DB569E46C9A}.Release NASM|x86.ActiveCfg = Release NASM|Win32
		{D709ED93-9AF0-42B8-85EC-0DB569E46C9A}.Release NASM|x86.Build.0 = Release NASM|Win32
		{D709ED93-9AF0-42B8-85EC-0DB569E46C9A}.Release|x86.ActiveCfg = Release|Win32
		{D709ED93-9AF0-42B8-85EC-0DB569E46C9A}.Release|x86.Build.0 = Release|Win32
		{D709ED93-9AF0-42B8-85EC-0DB569E46C9A}.Template|x86.ActiveCfg = Template|Win32
		{D709ED93-9AF0-42B8-85EC-0DB569E46C9A}.Template|x86.Build.0 = Template|Win32
		{20C42555-74D6-4907-9D5C-1446CD13915C}.Debug GTK|x86.ActiveCfg = Debug GTK|Win32
		{20C42555-74D6-4907-9D5C-1446CD13915C}.Debug GTK|x86.Build.0 = Debug GTK|Win32
		{20C42555-74D6-4907-9D5C-1446CD13915C}.Debug NASM|x86.ActiveCfg = Debug GTK|Win32
		{20C42555-74D6-4907-9D5C-1446CD13915C}.Debug NASM|x86.Build.0 = Debug GTK|Win32
		{20C42555-74D6-4907-9D5C-1446CD13915C}.Debug|x86.ActiveCfg = Debug|Win32
		{20C42555-74D6-4907-9D5C-1446CD13915C}.Debug|x86.Build.0 = Debug|Win32
		{20C42555-74D6-4907-9D5C-1446CD13915C}.Release GTK|x86.ActiveCfg = Release GTK|Win32
		{20C42555-74D6-4907-9D5C-1446CD13915C}.Release GTK|x86.Build.0 = Release GTK|Win32
		{20C42555-74D6-4907-9D5C-1446CD13915C}.Release NASM|x86.ActiveCfg = Release NASM|Win32
		{20C42555-74D6-4907-9D5C-1446CD13915C}.Release NASM|x86.Build.0 = Release NASM|Win32
		{20C42555-74D6-4907-9D5C-1446CD13915C}.Release|x86.ActiveCfg = Release|Win32
		{20C42555-74D6-4907-9D5C-1446CD13915C}.Release|x86.Build.0 = Release|Win32
		{20C42555-74D6-4907-9D5C-1446CD13915C}.Template|x86.ActiveCfg = Template|Win32
		{20C42555-74D6-4907-9D5C-1446CD13915C}.Template|x86.Build.0 = Template|Win32
		{94C4B37D-4B1E-44B7-9A30-F1AAE332C8D2}.Debug GTK|x86.ActiveCfg = Debug|Win32
		{94C4B37D-4B1E-44B7-9A30-F1AAE332C8D2}.Debug GTK|x86.Build.0 = Debug|Win32
		{94C4B37D-4B1E-44B7-9A30-F1AAE332C8D2}.Debug NASM|x86.ActiveCfg = Debug|Win32
		{94C4B37D-4B1E-44B7-9A30-F1AAE332C8D2}.Debug NASM|x86.Build.0 = Debug|Win32
		{94C4B37D-4B1E-44B7-9A30-F1AAE332C8D2}.Debug|x86.ActiveCfg = Debug|Win32
		{94C4B37D-4B1E-44B7-9A30-F1AAE332C8D2}.Debug|x86.Build.0 = Debug|Win32
		{94C4B37D-4B1E-44B7-9A30-F1AAE332C8D2}.Release GTK|x86.ActiveCfg = Release|Win32
		{94C4B37D-4B1E-44B7-9A30-F1AAE332C8D2}.Release GTK|x86.Build.0 = Release|Win32
		{94C4B37D-4B1E-44B7-9A30-F1AAE332C8D2}.Release NASM|x86.ActiveCfg = Release|Win32
		{94C4B37D-4B1E-44B7-9A30-F1AAE332C8D2}.Release NASM|x86.Build.0 = Release|Win32
		{94C4B37D-4B1E-44B7-9A30-F1AAE332C8D2}.Release|x86.ActiveCfg = Release|Win32
		{94C4B37D-4B1E-44B7-9A30-F1AAE332C8D2}.Release|x86.Build.0 = Release|Win32
		{94C4B37D-4B1E-44B7-9A30-F1AAE332C8D2}.Template|x86.ActiveCfg = Template|Win32
		{94C4B37D-4B1E-44B7-9A30-F1AAE332C8D2}.Template|x86.Build.0 = Template|Win32
	EndGlobalSection
	GlobalSection(SolutionProperties) = preSolution
		HideSolutionNode = FALSE
	EndGlobalSection
	GlobalSection(ExtensibilityGlobals) = postSolution
		SolutionGuid = {7779D96A-0CC4-41A0-8175-F6DE81DDE6A2}
	EndGlobalSection
EndGlobal
